{
  "name": "eslint-config-wild",
  "version": "0.2.7",
  "lockfileVersion": 1,
  "requires": true,
  "dependencies": {
    "@typescript-eslint/eslint-plugin": {
      "version": "1.4.2",
      "resolved": "https://registry.npmjs.org/@typescript-eslint/eslint-plugin/-/eslint-plugin-1.4.2.tgz",
      "integrity": "sha512-6WInypy/cK4rM1dirKbD5p7iFW28DbSRKT/+PGn+DYzBWEvHq5KnZAqQ5cX25JBc0qMkFxJNxNfBbFXJyyzVcw==",
      "requires": {
        "@typescript-eslint/parser": "1.4.2",
        "@typescript-eslint/typescript-estree": "1.4.2",
        "requireindex": "1.2.0",
        "tsutils": "3.8.0"
      }
    },
    "@typescript-eslint/parser": {
      "version": "1.4.2",
      "resolved": "https://registry.npmjs.org/@typescript-eslint/parser/-/parser-1.4.2.tgz",
      "integrity": "sha512-OqLkY9295DXXaWToItUv3olO2//rmzh6Th6Sc7YjFFEpEuennsm5zhygLLvHZjPxPlzrQgE8UDaOPurDylaUuw==",
      "requires": {
        "@typescript-eslint/typescript-estree": "1.4.2",
        "eslint-scope": "4.0.2",
        "eslint-visitor-keys": "1.0.0"
      }
    },
    "@typescript-eslint/typescript-estree": {
      "version": "1.4.2",
      "resolved": "https://registry.npmjs.org/@typescript-eslint/typescript-estree/-/typescript-estree-1.4.2.tgz",
      "integrity": "sha512-wKgi/w6k1v3R4b6oDc20cRWro2gBzp0wn6CAeYC8ExJMfvXMfiaXzw2tT9ilxdONaVWMCk7B9fMdjos7bF/CWw==",
      "requires": {
        "lodash.unescape": "4.0.1",
        "semver": "5.5.0"
      }
    },
    "eslint-scope": {
      "version": "4.0.2",
      "resolved": "https://registry.npmjs.org/eslint-scope/-/eslint-scope-4.0.2.tgz",
      "integrity": "sha512-5q1+B/ogmHl8+paxtOKx38Z8LtWkVGuNt3+GQNErqwLl6ViNp/gdJGMCjZNxZ8j/VYjDNZ2Fo+eQc1TAVPIzbg==",
      "requires": {
        "esrecurse": "4.2.1",
        "estraverse": "4.2.0"
      }
    },
    "eslint-visitor-keys": {
      "version": "1.0.0",
      "resolved": "https://registry.npmjs.org/eslint-visitor-keys/-/eslint-visitor-keys-1.0.0.tgz",
      "integrity": "sha512-qzm/XxIbxm/FHyH341ZrbnMUpe+5Bocte9xkmFMzPMjRaZMcXww+MpBptFvtU+79L362nqiLhekCxCxDPaUMBQ=="
    },
    "esrecurse": {
      "version": "4.2.1",
      "resolved": "https://registry.npmjs.org/esrecurse/-/esrecurse-4.2.1.tgz",
      "integrity": "sha512-64RBB++fIOAXPw3P9cy89qfMlvZEXZkqqJkjqqXIvzP5ezRZjW+lPWjw35UX/3EhUPFYbg5ER4JYgDw4007/DQ==",
      "requires": {
        "estraverse": "4.2.0"
      }
    },
    "estraverse": {
      "version": "4.2.0",
      "resolved": "https://registry.npmjs.org/estraverse/-/estraverse-4.2.0.tgz",
      "integrity": "sha1-De4/7TH81GlhjOc0IJn8GvoL2xM="
    },
    "lodash.unescape": {
      "version": "4.0.1",
      "resolved": "https://registry.npmjs.org/lodash.unescape/-/lodash.unescape-4.0.1.tgz",
      "integrity": "sha1-vyJJiGzlFM2hEvrpIYzcBlIR/Jw="
    },
    "requireindex": {
      "version": "1.2.0",
      "resolved": "https://registry.npmjs.org/requireindex/-/requireindex-1.2.0.tgz",
      "integrity": "sha512-L9jEkOi3ASd9PYit2cwRfyppc9NoABujTP8/5gFcbERmo5jUoAKovIC3fsF17pkTnGsrByysqX+Kxd2OTNI1ww=="
    },
    "semver": {
      "version": "5.5.0",
      "resolved": "https://registry.npmjs.org/semver/-/semver-5.5.0.tgz",
      "integrity": "sha512-4SJ3dm0WAwWy/NVeioZh5AntkdJoWKxHxcmyP622fOkgHa4z3R0TdBJICINyaSDE6uNwVc8gZr+ZinwZAH4xIA=="
    },
    "tslib": {
      "version": "1.9.3",
      "resolved": "https://registry.npmjs.org/tslib/-/tslib-1.9.3.tgz",
      "integrity": "sha512-4krF8scpejhaOgqzBEcGM7yDIEfi0/8+8zDRZhNZZ2kjmHJ4hv3zCbQWxoJGz1iw5U0Jl0nma13xzHXcncMavQ=="
    },
    "tsutils": {
      "version": "3.8.0",
      "resolved": "https://registry.npmjs.org/tsutils/-/tsutils-3.8.0.tgz",
      "integrity": "sha512-XQdPhgcoTbCD8baXC38PQ0vpTZ8T3YrE+vR66YIj/xvDt1//8iAhafpIT/4DmvzzC1QFapEImERu48Pa01dIUA==",
      "requires": {
        "tslib": "1.9.3"
      }
    }
  }
}
